
Microsoft Visual Studio Solution File, Format Version 12.00
# Visual Studio Version 17
VisualStudioVersion = 17.10.34916.146
MinimumVisualStudioVersion = 10.0.40219.1
Project("{9A19103F-16F7-4668-BE54-9A1E7A4F7556}") = "BackendAPI", "BackendAPI.csproj", "{9B591F87-5022-4CD5-9FA8-0B41ACB3C960}"
EndProject
Project("{9A19103F-16F7-4668-BE54-9A1E7A4F7556}") = "BLL", "..\BLL\BLL.csproj", "{93AE51F2-C711-4C37-B58B-5C3F628FF3FF}"
EndProject
Project("{9A19103F-16F7-4668-BE54-9A1E7A4F7556}") = "DAL", "..\DAL\DAL.csproj", "{B3291BC2-CCE0-49DA-B01D-7396366F64E4}"
EndProject
Project("{9A19103F-16F7-4668-BE54-9A1E7A4F7556}") = "DOMAIN", "..\DOMAIN\DOMAIN.csproj", "{E5AA3ACC-DC56-4838-9268-B6A21A950BC7}"
EndProject
Project("{FAE04EC0-301F-11D3-BF4B-00C04F79EFBC}") = "BackendTests", "..\BackendTests\BackendTests.csproj", "{9E7DC0A7-497F-4316-AF55-020EBBA6C7C9}"
EndProject
Global
	GlobalSection(SolutionConfigurationPlatforms) = preSolution
		Debug|Any CPU = Debug|Any CPU
		Release|Any CPU = Release|Any CPU
	EndGlobalSection
	GlobalSection(ProjectConfigurationPlatforms) = postSolution
		{9B591F87-5022-4CD5-9FA8-0B41ACB3C960}.Debug|Any CPU.ActiveCfg = Debug|Any CPU
		{9B591F87-5022-4CD5-9FA8-0B41ACB3C960}.Debug|Any CPU.Build.0 = Debug|Any CPU
		{9B591F87-5022-4CD5-9FA8-0B41ACB3C960}.Release|Any CPU.ActiveCfg = Release|Any CPU
		{9B591F87-5022-4CD5-9FA8-0B41ACB3C960}.Release|Any CPU.Build.0 = Release|Any CPU
		{93AE51F2-C711-4C37-B58B-5C3F628FF3FF}.Debug|Any CPU.ActiveCfg = Debug|Any CPU
		{93AE51F2-C711-4C37-B58B-5C3F628FF3FF}.Debug|Any CPU.Build.0 = Debug|Any CPU
		{93AE51F2-C711-4C37-B58B-5C3F628FF3FF}.Release|Any CPU.ActiveCfg = Release|Any CPU
		{93AE51F2-C711-4C37-B58B-5C3F628FF3FF}.Release|Any CPU.Build.0 = Release|Any CPU
		{B3291BC2-CCE0-49DA-B01D-7396366F64E4}.Debug|Any CPU.ActiveCfg = Debug|Any CPU
		{B3291BC2-CCE0-49DA-B01D-7396366F64E4}.Debug|Any CPU.Build.0 = Debug|Any CPU
		{B3291BC2-CCE0-49DA-B01D-7396366F64E4}.Release|Any CPU.ActiveCfg = Release|Any CPU
		{B3291BC2-CCE0-49DA-B01D-7396366F64E4}.Release|Any CPU.Build.0 = Release|Any CPU
		{E5AA3ACC-DC56-4838-9268-B6A21A950BC7}.Debug|Any CPU.ActiveCfg = Debug|Any CPU
		{E5AA3ACC-DC56-4838-9268-B6A21A950BC7}.Debug|Any CPU.Build.0 = Debug|Any CPU
		{E5AA3ACC-DC56-4838-9268-B6A21A950BC7}.Release|Any CPU.ActiveCfg = Release|Any CPU
		{E5AA3ACC-DC56-4838-9268-B6A21A950BC7}.Release|Any CPU.Build.0 = Release|Any CPU
		{9E7DC0A7-497F-4316-AF55-020EBBA6C7C9}.Debug|Any CPU.ActiveCfg = Debug|Any CPU
		{9E7DC0A7-497F-4316-AF55-020EBBA6C7C9}.Debug|Any CPU.Build.0 = Debug|Any CPU
		{9E7DC0A7-497F-4316-AF55-020EBBA6C7C9}.Release|Any CPU.ActiveCfg = Release|Any CPU
		{9E7DC0A7-497F-4316-AF55-020EBBA6C7C9}.Release|Any CPU.Build.0 = Release|Any CPU
	EndGlobalSection
	GlobalSection(SolutionProperties) = preSolution
		HideSolutionNode = FALSE
	EndGlobalSection
	GlobalSection(ExtensibilityGlobals) = postSolution
		SolutionGuid = {780BD265-B6C4-49CD-8B16-28FFFF8229B8}
	EndGlobalSection
EndGlobal
